schemaVersion: 1
rootManifestHash: e9b48b8901cc83b51117c9469d63ed889a17e028b08beff1f650f2a9f076e783
generatedAt: '1784200658'
templates:
- reference: github:inditex/cac-moyaagentrules#templates/itx-coding
  sha: f3921bb0a220d58783faf5baced159034072ba36
  origin: template:github:inditex/cac-moyaagentrules#templates/sdd
- reference: github:inditex/cac-moyaagentrules#templates/sdd
  sha: f3921bb0a220d58783faf5baced159034072ba36
  origin: user
packages:
  moya:
    declared:
      name: moya
      source: github:inditex/cac-moyaagentrules
      select:
        skills:
        - aidev-code
        - conventional-commits
        - gh-issue-create
        - gh-issue-comment
        - gh-pr-create
        - gh-pr-comment
        - paas-config
        - asdf-allowlist
        - asdf-command-not-found
        - asdf-plugin-add
        - asdf-version-install
        - asdf-version-set
        - aidev-agent-questions
        - aidev-explore
        - aidev-workspace-bootstrap
        - aidev-sdd
        - aidev-research
        - aidev-plan
        - aidev-tech-plan
        - aidev-test
        - aidev-verify
        - aidev-review
        - aidev-retro
        - backlog-management
        - aidev-pr-remote-diagnosis
        - inditex-software-artifacts
        mcps:
        - git-workflow
        - devhub
        - geppetto
        agents:
        - aidev-coder/AIDevCoder
        - aidev-init/AIDevInit
        - aidev-orchestrator/AIDevOrchestrator
        - aidev-planner/AIDevPlanner
        - aidev-researcher/AIDevResearcher
        - aidev-retro/AIDevRetro
        - aidev-tester/AIDevTester
        - aidev-tech-planner/AIDevTechPlanner
        - aidev-verifier/AIDevVerifier
        tools:
        - aidevtracker
        - aidev-verify-deps
        - aidev-scripts-deps
    source: github:inditex/cac-moyaagentrules
    selectHash: 7e62cebe8f4b4d0e
    sha: f3921bb0a220d58783faf5baced159034072ba36
    origin: template:github:inditex/cac-moyaagentrules#templates/itx-coding
    position: 0
